{
  "requires": true,
  "lockfileVersion": 1,
  "dependencies": {
    "-": {
      "version": "0.0.1",
      "resolved": "https://registry.npmjs.org/-/-/--0.0.1.tgz",
      "integrity": "sha512-3HfneK3DGAm05fpyj20sT3apkNcvPpCuccOThOPdzz8sY7GgQGe0l93XH9bt+YzibcTIgUAIMoyVJI740RtgyQ=="
    },
    "@angular/animations": {
      "version": "11.2.11",
      "resolved": "https://registry.npmjs.org/@angular/animations/-/animations-11.2.11.tgz",
      "integrity": "sha512-br6rGBVYlkgJWw9YMTS/TkgJX2zBUr5VNvQRhYVH8PlDjBLPBSHUSzkYHvXOK4hsTvg0tF0QZUpt4xt9PmQ4sQ==",
      "requires": {
        "tslib": "^2.0.0"
      }
    },
    "@angular/cdk": {
      "version": "11.2.10",
      "resolved": "https://registry.npmjs.org/@angular/cdk/-/cdk-11.2.10.tgz",
      "integrity": "sha512-Cq1dTQDGcqfB2ks8q3q4HPf7kEXU3FCB/OC5XYGMhs8tUyFTabhmXAcfkiBA4YO8YPWRc8FKrJsE1q4nV8vPKQ==",
      "requires": {
        "parse5": "^5.0.0",
        "tslib": "^2.0.0"
      }
    },
    "@angular/material": {
      "version": "11.2.10",
      "resolved": "https://registry.npmjs.org/@angular/material/-/material-11.2.10.tgz",
      "integrity": "sha512-itylLtTloyCrmtotccVzplso7DGoiFdN91ud2sopGacTpfKVkw4tO5nIWRGWDmuu3dvHCqGo3h6EoZN0l9G+Wg==",
      "requires": {
        "tslib": "^2.0.0"
      }
    },
    "parse5": {
      "version": "5.1.1",
      "resolved": "https://registry.npmjs.org/parse5/-/parse5-5.1.1.tgz",
      "integrity": "sha512-ugq4DFI0Ptb+WWjAdOK16+u/nHfiIrcE+sh8kZMaM0WllQKLI9rOUq6c2b7cwPkXdzfQESqvoqK6ug7U/Yyzug==",
      "optional": true
    },
    "tslib": {
      "version": "2.2.0",
      "resolved": "https://registry.npmjs.org/tslib/-/tslib-2.2.0.tgz",
      "integrity": "sha512-gS9GVHRU+RGn5KQM2rllAlR3dU6m7AcpJKdtH8gFvQiC4Otgk98XnmMU+nZenHt/+VhnBPWwgrJsyrdcw6i23w=="
    }
  }
}
